
Microsoft Visual Studio Solution File, Format Version 12.00
# Visual Studio Version 17
VisualStudioVersion = 17.4.33205.214
MinimumVisualStudioVersion = 10.0.40219.1
Project("{FAE04EC0-301F-11D3-BF4B-00C04F79EFBC}") = "Project9_PetClass", "Project9_PetClass.csproj", "{F16EE8BA-3FB6-4D63-BEC8-1CD568205B16}"
EndProject
Global
	GlobalSection(SolutionConfigurationPlatforms) = preSolution
		Debug|Any CPU = Debug|Any CPU
		Release|Any CPU = Release|Any CPU
	EndGlobalSection
	GlobalSection(ProjectConfigurationPlatforms) = postSolution
		{F16EE8BA-3FB6-4D63-BEC8-1CD568205B16}.Debug|Any CPU.ActiveCfg = Debug|Any CPU
		{F16EE8BA-3FB6-4D63-BEC8-1CD568205B16}.Debug|Any CPU.Build.0 = Debug|Any CPU
		{F16EE8BA-3FB6-4D63-BEC8-1CD568205B16}.Release|Any CPU.ActiveCfg = Release|Any CPU
		{F16EE8BA-3FB6-4D63-BEC8-1CD568205B16}.Release|Any CPU.Build.0 = Release|Any CPU
	EndGlobalSection
	GlobalSection(SolutionProperties) = preSolution
		HideSolutionNode = FALSE
	EndGlobalSection
	GlobalSection(ExtensibilityGlobals) = postSolution
		SolutionGuid = {C3B4763C-0650-4581-9412-59D456DEDB42}
	EndGlobalSection
EndGlobal
